
Microsoft Visual Studio Solution File, Format Version 12.00
# Visual Studio Version 17
VisualStudioVersion = 17.0.32014.148
MinimumVisualStudioVersion = 10.0.40219.1
Project("{9A19103F-16F7-4668-BE54-9A1E7A4F7556}") = "CleverCore.WebApp", "CleverCore.WebApp\CleverCore.WebApp.csproj", "{A5DB3705-DBE2-4880-9239-F47D26857DE7}"
EndProject
Project("{9A19103F-16F7-4668-BE54-9A1E7A4F7556}") = "CleverCore.Infrastructure", "CleverCore.Infrastructure\CleverCore.Infrastructure.csproj", "{C7698AEE-7750-4D90-8ADF-EC8C7372B835}"
EndProject
Project("{9A19103F-16F7-4668-BE54-9A1E7A4F7556}") = "CleverCore.Utilities", "CleverCore.Utilities\CleverCore.Utilities.csproj", "{858E098F-F63C-49BD-8E95-7BFB5135A136}"
EndProject
Project("{9A19103F-16F7-4668-BE54-9A1E7A4F7556}") = "CleverCore.Data", "CleverCore.Data\CleverCore.Data.csproj", "{772F2407-18AB-48F7-B544-95C4FFC90866}"
EndProject
Project("{9A19103F-16F7-4668-BE54-9A1E7A4F7556}") = "CleverCore.Data.EF", "CleverCore.Data.EF\CleverCore.Data.EF.csproj", "{A91ACDB8-6717-4BDA-97AD-309799903FD6}"
EndProject
Project("{9A19103F-16F7-4668-BE54-9A1E7A4F7556}") = "CleverCore.Application", "CleverCore.Application\CleverCore.Application.csproj", "{E429173E-743B-4368-AEBD-4A466095B475}"
EndProject
Project("{2150E333-8FDC-42A3-9474-1A3956D46DE8}") = "1 - Presentation", "1 - Presentation", "{9B9CE55E-D9E6-4C52-B697-C4FBAB581793}"
EndProject
Project("{2150E333-8FDC-42A3-9474-1A3956D46DE8}") = "2 - Application", "2 - Application", "{844DB236-20AF-4F85-AC1F-A9A90BC3F6DC}"
EndProject
Project("{2150E333-8FDC-42A3-9474-1A3956D46DE8}") = "3 - Domain", "3 - Domain", "{307E923C-AA3A-4D88-B04E-E45EBA0322E9}"
EndProject
Project("{2150E333-8FDC-42A3-9474-1A3956D46DE8}") = "4 - Infrastructure", "4 - Infrastructure", "{60385C7C-CA9C-475E-9325-51229A8CC75A}"
EndProject
Project("{9A19103F-16F7-4668-BE54-9A1E7A4F7556}") = "CleverCore.Application.Dapper", "CleverCore.Application.Dapper\CleverCore.Application.Dapper.csproj", "{D278D187-3D13-4872-BB09-2F2F9A69E2FD}"
EndProject
Project("{9A19103F-16F7-4668-BE54-9A1E7A4F7556}") = "CleverCore.WebApi", "CleverCore.WebApi\CleverCore.WebApi.csproj", "{27171F34-3919-4F09-A7D7-6C6F9CAEFFC0}"
EndProject
Project("{2150E333-8FDC-42A3-9474-1A3956D46DE8}") = "5 - Tests", "5 - Tests", "{0AB9FE24-90AB-4A0B-AACF-B45125547D87}"
EndProject
Project("{FAE04EC0-301F-11D3-BF4B-00C04F79EFBC}") = "CleverCore.Utilities.Test", "CleverCore.Utilities.Test\CleverCore.Utilities.Test.csproj", "{F0658445-2F18-41B6-824C-E851CE85333C}"
EndProject
Project("{FAE04EC0-301F-11D3-BF4B-00C04F79EFBC}") = "CleverCore.Infrastructure.Test", "CleverCore.Infrastructure.Test\CleverCore.Infrastructure.Test.csproj", "{E24E6CFC-80A2-490D-8055-5B9CCD779948}"
EndProject
Project("{FAE04EC0-301F-11D3-BF4B-00C04F79EFBC}") = "CleverCore.Data.EF.Test", "CleverCore.Data.EF.Test\CleverCore.Data.EF.Test.csproj", "{21E4382B-00A8-4FF0-845A-C2B2B2E2DD4E}"
EndProject
Project("{FAE04EC0-301F-11D3-BF4B-00C04F79EFBC}") = "CleverCore.Application.Dapper.Test", "CleverCore.Application.Dapper.Test\CleverCore.Application.Dapper.Test.csproj", "{73C58AFD-1AEB-4202-9430-B882D293FB9A}"
EndProject
Project("{FAE04EC0-301F-11D3-BF4B-00C04F79EFBC}") = "CleverCore.Application.Test", "CleverCore.Application.Test\CleverCore.Application.Test.csproj", "{52BC7C55-FD17-4947-B205-D14CB2C26C24}"
EndProject
Project("{FAE04EC0-301F-11D3-BF4B-00C04F79EFBC}") = "CleverCore.WebApp.Test", "CleverCore.WebApp.Test\CleverCore.WebApp.Test.csproj", "{88FE2613-7BED-4B53-BE04-640D757F70DC}"
EndProject
Project("{FAE04EC0-301F-11D3-BF4B-00C04F79EFBC}") = "CleverCore.WebApi.Test", "CleverCore.WebApi.Test\CleverCore.WebApi.Test.csproj", "{467793DB-93F9-4AF2-A887-F0133491629A}"
EndProject
Global
	GlobalSection(SolutionConfigurationPlatforms) = preSolution
		Debug|Any CPU = Debug|Any CPU
		Release|Any CPU = Release|Any CPU
	EndGlobalSection
	GlobalSection(ProjectConfigurationPlatforms) = postSolution
		{A5DB3705-DBE2-4880-9239-F47D26857DE7}.Debug|Any CPU.ActiveCfg = Debug|Any CPU
		{A5DB3705-DBE2-4880-9239-F47D26857DE7}.Debug|Any CPU.Build.0 = Debug|Any CPU
		{A5DB3705-DBE2-4880-9239-F47D26857DE7}.Release|Any CPU.ActiveCfg = Release|Any CPU
		{A5DB3705-DBE2-4880-9239-F47D26857DE7}.Release|Any CPU.Build.0 = Release|Any CPU
		{C7698AEE-7750-4D90-8ADF-EC8C7372B835}.Debug|Any CPU.ActiveCfg = Debug|Any CPU
		{C7698AEE-7750-4D90-8ADF-EC8C7372B835}.Debug|Any CPU.Build.0 = Debug|Any CPU
		{C7698AEE-7750-4D90-8ADF-EC8C7372B835}.Release|Any CPU.ActiveCfg = Release|Any CPU
		{C7698AEE-7750-4D90-8ADF-EC8C7372B835}.Release|Any CPU.Build.0 = Release|Any CPU
		{858E098F-F63C-49BD-8E95-7BFB5135A136}.Debug|Any CPU.ActiveCfg = Debug|Any CPU
		{858E098F-F63C-49BD-8E95-7BFB5135A136}.Debug|Any CPU.Build.0 = Debug|Any CPU
		{858E098F-F63C-49BD-8E95-7BFB5135A136}.Release|Any CPU.ActiveCfg = Release|Any CPU
		{858E098F-F63C-49BD-8E95-7BFB5135A136}.Release|Any CPU.Build.0 = Release|Any CPU
		{772F2407-18AB-48F7-B544-95C4FFC90866}.Debug|Any CPU.ActiveCfg = Debug|Any CPU
		{772F2407-18AB-48F7-B544-95C4FFC90866}.Debug|Any CPU.Build.0 = Debug|Any CPU
		{772F2407-18AB-48F7-B544-95C4FFC90866}.Release|Any CPU.ActiveCfg = Release|Any CPU
		{772F2407-18AB-48F7-B544-95C4FFC90866}.Release|Any CPU.Build.0 = Release|Any CPU
		{A91ACDB8-6717-4BDA-97AD-309799903FD6}.Debug|Any CPU.ActiveCfg = Debug|Any CPU
		{A91ACDB8-6717-4BDA-97AD-309799903FD6}.Debug|Any CPU.Build.0 = Debug|Any CPU
		{A91ACDB8-6717-4BDA-97AD-309799903FD6}.Release|Any CPU.ActiveCfg = Release|Any CPU
		{A91ACDB8-6717-4BDA-97AD-309799903FD6}.Release|Any CPU.Build.0 = Release|Any CPU
		{E429173E-743B-4368-AEBD-4A466095B475}.Debug|Any CPU.ActiveCfg = Debug|Any CPU
		{E429173E-743B-4368-AEBD-4A466095B475}.Debug|Any CPU.Build.0 = Debug|Any CPU
		{E429173E-743B-4368-AEBD-4A466095B475}.Release|Any CPU.ActiveCfg = Release|Any CPU
		{E429173E-743B-4368-AEBD-4A466095B475}.Release|Any CPU.Build.0 = Release|Any CPU
		{D278D187-3D13-4872-BB09-2F2F9A69E2FD}.Debug|Any CPU.ActiveCfg = Debug|Any CPU
		{D278D187-3D13-4872-BB09-2F2F9A69E2FD}.Debug|Any CPU.Build.0 = Debug|Any CPU
		{D278D187-3D13-4872-BB09-2F2F9A69E2FD}.Release|Any CPU.ActiveCfg = Release|Any CPU
		{D278D187-3D13-4872-BB09-2F2F9A69E2FD}.Release|Any CPU.Build.0 = Release|Any CPU
		{27171F34-3919-4F09-A7D7-6C6F9CAEFFC0}.Debug|Any CPU.ActiveCfg = Debug|Any CPU
		{27171F34-3919-4F09-A7D7-6C6F9CAEFFC0}.Debug|Any CPU.Build.0 = Debug|Any CPU
		{27171F34-3919-4F09-A7D7-6C6F9CAEFFC0}.Release|Any CPU.ActiveCfg = Release|Any CPU
		{27171F34-3919-4F09-A7D7-6C6F9CAEFFC0}.Release|Any CPU.Build.0 = Release|Any CPU
		{F0658445-2F18-41B6-824C-E851CE85333C}.Debug|Any CPU.ActiveCfg = Debug|Any CPU
		{F0658445-2F18-41B6-824C-E851CE85333C}.Debug|Any CPU.Build.0 = Debug|Any CPU
		{F0658445-2F18-41B6-824C-E851CE85333C}.Release|Any CPU.ActiveCfg = Release|Any CPU
		{F0658445-2F18-41B6-824C-E851CE85333C}.Release|Any CPU.Build.0 = Release|Any CPU
		{E24E6CFC-80A2-490D-8055-5B9CCD779948}.Debug|Any CPU.ActiveCfg = Debug|Any CPU
		{E24E6CFC-80A2-490D-8055-5B9CCD779948}.Debug|Any CPU.Build.0 = Debug|Any CPU
		{E24E6CFC-80A2-490D-8055-5B9CCD779948}.Release|Any CPU.ActiveCfg = Release|Any CPU
		{E24E6CFC-80A2-490D-8055-5B9CCD779948}.Release|Any CPU.Build.0 = Release|Any CPU
		{21E4382B-00A8-4FF0-845A-C2B2B2E2DD4E}.Debug|Any CPU.ActiveCfg = Debug|Any CPU
		{21E4382B-00A8-4FF0-845A-C2B2B2E2DD4E}.Debug|Any CPU.Build.0 = Debug|Any CPU
		{21E4382B-00A8-4FF0-845A-C2B2B2E2DD4E}.Release|Any CPU.ActiveCfg = Release|Any CPU
		{21E4382B-00A8-4FF0-845A-C2B2B2E2DD4E}.Release|Any CPU.Build.0 = Release|Any CPU
		{73C58AFD-1AEB-4202-9430-B882D293FB9A}.Debug|Any CPU.ActiveCfg = Debug|Any CPU
		{73C58AFD-1AEB-4202-9430-B882D293FB9A}.Debug|Any CPU.Build.0 = Debug|Any CPU
		{73C58AFD-1AEB-4202-9430-B882D293FB9A}.Release|Any CPU.ActiveCfg = Release|Any CPU
		{73C58AFD-1AEB-4202-9430-B882D293FB9A}.Release|Any CPU.Build.0 = Release|Any CPU
		{52BC7C55-FD17-4947-B205-D14CB2C26C24}.Debug|Any CPU.ActiveCfg = Debug|Any CPU
		{52BC7C55-FD17-4947-B205-D14CB2C26C24}.Debug|Any CPU.Build.0 = Debug|Any CPU
		{52BC7C55-FD17-4947-B205-D14CB2C26C24}.Release|Any CPU.ActiveCfg = Release|Any CPU
		{52BC7C55-FD17-4947-B205-D14CB2C26C24}.Release|Any CPU.Build.0 = Release|Any CPU
		{88FE2613-7BED-4B53-BE04-640D757F70DC}.Debug|Any CPU.ActiveCfg = Debug|Any CPU
		{88FE2613-7BED-4B53-BE04-640D757F70DC}.Debug|Any CPU.Build.0 = Debug|Any CPU
		{88FE2613-7BED-4B53-BE04-640D757F70DC}.Release|Any CPU.ActiveCfg = Release|Any CPU
		{88FE2613-7BED-4B53-BE04-640D757F70DC}.Release|Any CPU.Build.0 = Release|Any CPU
		{467793DB-93F9-4AF2-A887-F0133491629A}.Debug|Any CPU.ActiveCfg = Debug|Any CPU
		{467793DB-93F9-4AF2-A887-F0133491629A}.Debug|Any CPU.Build.0 = Debug|Any CPU
		{467793DB-93F9-4AF2-A887-F0133491629A}.Release|Any CPU.ActiveCfg = Release|Any CPU
		{467793DB-93F9-4AF2-A887-F0133491629A}.Release|Any CPU.Build.0 = Release|Any CPU
	EndGlobalSection
	GlobalSection(SolutionProperties) = preSolution
		HideSolutionNode = FALSE
	EndGlobalSection
	GlobalSection(NestedProjects) = preSolution
		{A5DB3705-DBE2-4880-9239-F47D26857DE7} = {9B9CE55E-D9E6-4C52-B697-C4FBAB581793}
		{C7698AEE-7750-4D90-8ADF-EC8C7372B835} = {60385C7C-CA9C-475E-9325-51229A8CC75A}
		{858E098F-F63C-49BD-8E95-7BFB5135A136} = {60385C7C-CA9C-475E-9325-51229A8CC75A}
		{772F2407-18AB-48F7-B544-95C4FFC90866} = {307E923C-AA3A-4D88-B04E-E45EBA0322E9}
		{A91ACDB8-6717-4BDA-97AD-309799903FD6} = {307E923C-AA3A-4D88-B04E-E45EBA0322E9}
		{E429173E-743B-4368-AEBD-4A466095B475} = {844DB236-20AF-4F85-AC1F-A9A90BC3F6DC}
		{D278D187-3D13-4872-BB09-2F2F9A69E2FD} = {844DB236-20AF-4F85-AC1F-A9A90BC3F6DC}
		{27171F34-3919-4F09-A7D7-6C6F9CAEFFC0} = {9B9CE55E-D9E6-4C52-B697-C4FBAB581793}
		{F0658445-2F18-41B6-824C-E851CE85333C} = {0AB9FE24-90AB-4A0B-AACF-B45125547D87}
		{E24E6CFC-80A2-490D-8055-5B9CCD779948} = {0AB9FE24-90AB-4A0B-AACF-B45125547D87}
		{21E4382B-00A8-4FF0-845A-C2B2B2E2DD4E} = {0AB9FE24-90AB-4A0B-AACF-B45125547D87}
		{73C58AFD-1AEB-4202-9430-B882D293FB9A} = {0AB9FE24-90AB-4A0B-AACF-B45125547D87}
		{52BC7C55-FD17-4947-B205-D14CB2C26C24} = {0AB9FE24-90AB-4A0B-AACF-B45125547D87}
		{88FE2613-7BED-4B53-BE04-640D757F70DC} = {0AB9FE24-90AB-4A0B-AACF-B45125547D87}
		{467793DB-93F9-4AF2-A887-F0133491629A} = {0AB9FE24-90AB-4A0B-AACF-B45125547D87}
	EndGlobalSection
	GlobalSection(ExtensibilityGlobals) = postSolution
		SolutionGuid = {BDD37A10-3F44-4006-96E9-0F63F1506ACC}
	EndGlobalSection
EndGlobal
